// !$*UTF8*$!
{
	archiveVersion = 1;
	classes = {
	};
	objectVersion = 56;
	objects = {

/* Begin PBXBuildFile section */
		677DD84A2AE5B35700F4016F /* halloween2App.swift in Sources */ = {isa = PBXBuildFile; fileRef = 677DD8492AE5B35700F4016F /* halloween2App.swift */; };
		677DD84C2AE5B35700F4016F /* ContentView.swift in Sources */ = {isa = PBXBuildFile; fileRef = 677DD84B2AE5B35700F4016F /* ContentView.swift */; };
		677DD84E2AE5B35800F4016F /* Assets.xcassets in Resources */ = {isa = PBXBuildFile; fileRef = 677DD84D2AE5B35800F4016F /* Assets.xcassets */; };
		677DD8512AE5B35800F4016F /* Preview Assets.xcassets in Resources */ = {isa = PBXBuildFile; fileRef = 677DD8502AE5B35800F4016F /* Preview Assets.xcassets */; };
		677DD85B2AE5B35800F4016F /* halloween2Tests.swift in Sources */ = {isa = PBXBuildFile; fileRef = 677DD85A2AE5B35800F4016F /* halloween2Tests.swift */; };
		677DD8652AE5B35800F4016F /* halloween2UITests.swift in Sources */ = {isa = PBXBuildFile; fileRef = 677DD8642AE5B35800F4016F /* halloween2UITests.swift */; };
		677DD8672AE5B35800F4016F /* halloween2UITestsLaunchTests.swift in Sources */ = {isa = PBXBuildFile; fileRef = 677DD8662AE5B35800F4016F /* halloween2UITestsLaunchTests.swift */; };
/* End PBXBuildFile section */

/* Begin PBXContainerItemProxy section */
		677DD8572AE5B35800F4016F /* PBXContainerItemProxy */ = {
			isa = PBXContainerItemProxy;
			containerPortal = 677DD83E2AE5B35700F4016F /* Project object */;
			proxyType = 1;
			remoteGlobalIDString = 677DD8452AE5B35700F4016F;
			remoteInfo = halloween2;
		};
		677DD8612AE5B35800F4016F /* PBXContainerItemProxy */ = {
			isa = PBXContainerItemProxy;
			containerPortal = 677DD83E2AE5B35700F4016F /* Project object */;
			proxyType = 1;
			remoteGlobalIDString = 677DD8452AE5B35700F4016F;
			remoteInfo = halloween2;
		};
/* End PBXContainerItemProxy section */

/* Begin PBXFileReference section */
		677DD8462AE5B35700F4016F /* halloween2.app */ = {isa = PBXFileReference; explicitFileType = wrapper.application; includeInIndex = 0; path = halloween2.app; sourceTree = BUILT_PRODUCTS_DIR; };
		677DD8492AE5B35700F4016F /* halloween2App.swift */ = {isa = PBXFileReference; lastKnownFileType = sourcecode.swift; path = halloween2App.swift; sourceTree = "<group>"; };
		677DD84B2AE5B35700F4016F /* ContentView.swift */ = {isa = PBXFileReference; lastKnownFileType = sourcecode.swift; path = ContentView.swift; sourceTree = "<group>"; };
		677DD84D2AE5B35800F4016F /* Assets.xcassets */ = {isa = PBXFileReference; lastKnownFileType = folder.assetcatalog; path = Assets.xcassets; sourceTree = "<group>"; };
		677DD8502AE5B35800F4016F /* Preview Assets.xcassets */ = {isa = PBXFileReference; lastKnownFileType = folder.assetcatalog; path = "Preview Assets.xcassets"; sourceTree = "<group>"; };
		677DD8562AE5B35800F4016F /* halloween2Tests.xctest */ = {isa = PBXFileReference; explicitFileType = wrapper.cfbundle; includeInIndex = 0; path = halloween2Tests.xctest; sourceTree = BUILT_PRODUCTS_DIR; };
		677DD85A2AE5B35800F4016F /* halloween2Tests.swift */ = {isa = PBXFileReference; lastKnownFileType = sourcecode.swift; path = halloween2Tests.swift; sourceTree = "<group>"; };
		677DD8602AE5B35800F4016F /* halloween2UITests.xctest */ = {isa = PBXFileReference; explicitFileType = wrapper.cfbundle; includeInIndex = 0; path = halloween2UITests.xctest; sourceTree = BUILT_PRODUCTS_DIR; };
		677DD8642AE5B35800F4016F /* halloween2UITests.swift */ = {isa = PBXFileReference; lastKnownFileType = sourcecode.swift; path = halloween2UITests.swift; sourceTree = "<group>"; };
		677DD8662AE5B35800F4016F /* halloween2UITestsLaunchTests.swift */ = {isa = PBXFileReference; lastKnownFileType = sourcecode.swift; path = halloween2UITestsLaunchTests.swift; sourceTree = "<group>"; };
/* End PBXFileReference section */

/* Begin PBXFrameworksBuildPhase section */
		677DD8432AE5B35700F4016F /* Frameworks */ = {
			isa = PBXFrameworksBuildPhase;
			buildActionMask = 2147483647;
			files = (
			);
			runOnlyForDeploymentPostprocessing = 0;
		};
		677DD8532AE5B35800F4016F /* Frameworks */ = {
			isa = PBXFrameworksBuildPhase;
			buildActionMask = 2147483647;
			files = (
			);
			runOnlyForDeploymentPostprocessing = 0;
		};
		677DD85D2AE5B35800F4016F /* Frameworks */ = {
			isa = PBXFrameworksBuildPhase;
			buildActionMask = 2147483647;
			files = (
			);
			runOnlyForDeploymentPostprocessing = 0;
		};
/* End PBXFrameworksBuildPhase section */

/* Begin PBXGroup section */
		677DD83D2AE5B35700F4016F = {
			isa = PBXGroup;
			children = (
				677DD8482AE5B35700F4016F /* halloween2 */,
				677DD8592AE5B35800F4016F /* halloween2Tests */,
				677DD8632AE5B35800F4016F /* halloween2UITests */,
				677DD8472AE5B35700F4016F /* Products */,
			);
			sourceTree = "<group>";
		};
		677DD8472AE5B35700F4016F /* Products */ = {
			isa = PBXGroup;
			children = (
				677DD8462AE5B35700F4016F /* halloween2.app */,
				677DD8562AE5B35800F4016F /* halloween2Tests.xctest */,
				677DD8602AE5B35800F4016F /* halloween2UITests.xctest */,
			);
			name = Products;
			sourceTree = "<group>";
		};
		677DD8482AE5B35700F4016F /* halloween2 */ = {
			isa = PBXGroup;
			children = (
				677DD8492AE5B35700F4016F /* halloween2App.swift */,
				677DD84B2AE5B35700F4016F /* ContentView.swift */,
				677DD84D2AE5B35800F4016F /* Assets.xcassets */,
				677DD84F2AE5B35800F4016F /* Preview Content */,
			);
			path = halloween2;
			sourceTree = "<group>";
		};
		677DD84F2AE5B35800F4016F /* Preview Content */ = {
			isa = PBXGroup;
			children = (
				677DD8502AE5B35800F4016F /* Preview Assets.xcassets */,
			);
			path = "Preview Content";
			sourceTree = "<group>";
		};
		677DD8592AE5B35800F4016F /* halloween2Tests */ = {
			isa = PBXGroup;
			children = (
				677DD85A2AE5B35800F4016F /* halloween2Tests.swift */,
			);
			path = halloween2Tests;
			sourceTree = "<group>";
		};
		677DD8632AE5B35800F4016F /* halloween2UITests */ = {
			isa = PBXGroup;
			children = (
				677DD8642AE5B35800F4016F /* halloween2UITests.swift */,
				677DD8662AE5B35800F4016F /* halloween2UITestsLaunchTests.swift */,
			);
			path = halloween2UITests;
			sourceTree = "<group>";
		};
/* End PBXGroup section */

/* Begin PBXNativeTarget section */
		677DD8452AE5B35700F4016F /* halloween2 */ = {
			isa = PBXNativeTarget;
			buildConfigurationList = 677DD86A2AE5B35800F4016F /* Build configuration list for PBXNativeTarget "halloween2" */;
			buildPhases = (
				677DD8422AE5B35700F4016F /* Sources */,
				677DD8432AE5B35700F4016F /* Frameworks */,
				677DD8442AE5B35700F4016F /* Resources */,
			);
			buildRules = (
			);
			dependencies = (
			);
			name = halloween2;
			productName = halloween2;
			productReference = 677DD8462AE5B35700F4016F /* halloween2.app */;
			productType = "com.apple.product-type.application";
		};
		677DD8552AE5B35800F4016F /* halloween2Tests */ = {
			isa = PBXNativeTarget;
			buildConfigurationList = 677DD86D2AE5B35800F4016F /* Build configuration list for PBXNativeTarget "halloween2Tests" */;
			buildPhases = (
				677DD8522AE5B35800F4016F /* Sources */,
				677DD8532AE5B35800F4016F /* Frameworks */,
				677DD8542AE5B35800F4016F /* Resources */,
			);
			buildRules = (
			);
			dependencies = (
				677DD8582AE5B35800F4016F /* PBXTargetDependency */,
			);
			name = halloween2Tests;
			productName = halloween2Tests;
			productReference = 677DD8562AE5B35800F4016F /* halloween2Tests.xctest */;
			productType = "com.apple.product-type.bundle.unit-test";
		};
		677DD85F2AE5B35800F4016F /* halloween2UITests */ = {
			isa = PBXNativeTarget;
			buildConfigurationList = 677DD8702AE5B35800F4016F /* Build configuration list for PBXNativeTarget "halloween2UITests" */;
			buildPhases = (
				677DD85C2AE5B35800F4016F /* Sources */,
				677DD85D2AE5B35800F4016F /* Frameworks */,
				677DD85E2AE5B35800F4016F /* Resources */,
			);
			buildRules = (
			);
			dependencies = (
				677DD8622AE5B35800F4016F /* PBXTargetDependency */,
			);
			name = halloween2UITests;
			productName = halloween2UITests;
			productReference = 677DD8602AE5B35800F4016F /* halloween2UITests.xctest */;
			productType = "com.apple.product-type.bundle.ui-testing";
		};
/* End PBXNativeTarget section */

/* Begin PBXProject section */
		677DD83E2AE5B35700F4016F /* Project object */ = {
			isa = PBXProject;
			attributes = {
				BuildIndependentTargetsInParallel = 1;
				LastSwiftUpdateCheck = 1500;
				LastUpgradeCheck = 1500;
				TargetAttributes = {
					677DD8452AE5B35700F4016F = {
						CreatedOnToolsVersion = 15.0.1;
					};
					677DD8552AE5B35800F4016F = {
						CreatedOnToolsVersion = 15.0.1;
						TestTargetID = 677DD8452AE5B35700F4016F;
					};
					677DD85F2AE5B35800F4016F = {
						CreatedOnToolsVersion = 15.0.1;
						TestTargetID = 677DD8452AE5B35700F4016F;
					};
				};
			};
			buildConfigurationList = 677DD8412AE5B35700F4016F /* Build configuration list for PBXProject "halloween2" */;
			compatibilityVersion = "Xcode 14.0";
			developmentRegion = en;
			hasScannedForEncodings = 0;
			knownRegions = (
				en,
				Base,
			);
			mainGroup = 677DD83D2AE5B35700F4016F;
			productRefGroup = 677DD8472AE5B35700F4016F /* Products */;
			projectDirPath = "";
			projectRoot = "";
			targets = (
				677DD8452AE5B35700F4016F /* halloween2 */,
				677DD8552AE5B35800F4016F /* halloween2Tests */,
				677DD85F2AE5B35800F4016F /* halloween2UITests */,
			);
		};
/* End PBXProject section */

/* Begin PBXResourcesBuildPhase section */
		677DD8442AE5B35700F4016F /* Resources */ = {
			isa = PBXResourcesBuildPhase;
			buildActionMask = 2147483647;
			files = (
				677DD8512AE5B35800F4016F /* Preview Assets.xcassets in Resources */,
				677DD84E2AE5B35800F4016F /* Assets.xcassets in Resources */,
			);
			runOnlyForDeploymentPostprocessing = 0;
		};
		677DD8542AE5B35800F4016F /* Resources */ = {
			isa = PBXResourcesBuildPhase;
			buildActionMask = 2147483647;
			files = (
			);
			runOnlyForDeploymentPostprocessing = 0;
		};
		677DD85E2AE5B35800F4016F /* Resources */ = {
			isa = PBXResourcesBuildPhase;
			buildActionMask = 2147483647;
			files = (
			);
			runOnlyForDeploymentPostprocessing = 0;
		};
/* End PBXResourcesBuildPhase section */

/* Begin PBXSourcesBuildPhase section */
		677DD8422AE5B35700F4016F /* Sources */ = {
			isa = PBXSourcesBuildPhase;
			buildActionMask = 2147483647;
			files = (
				677DD84C2AE5B35700F4016F /* ContentView.swift in Sources */,
				677DD84A2AE5B35700F4016F /* halloween2App.swift in Sources */,
			);
			runOnlyForDeploymentPostprocessing = 0;
		};
		677DD8522AE5B35800F4016F /* Sources */ = {
			isa = PBXSourcesBuildPhase;
			buildActionMask = 2147483647;
			files = (
				677DD85B2AE5B35800F4016F /* halloween2Tests.swift in Sources */,
			);
			runOnlyForDeploymentPostprocessing = 0;
		};
		677DD85C2AE5B35800F4016F /* Sources */ = {
			isa = PBXSourcesBuildPhase;
			buildActionMask = 2147483647;
			files = (
				677DD8652AE5B35800F4016F /* halloween2UITests.swift in Sources */,
				677DD8672AE5B35800F4016F /* halloween2UITestsLaunchTests.swift in Sources */,
			);
			runOnlyForDeploymentPostprocessing = 0;
		};
/* End PBXSourcesBuildPhase section */

/* Begin PBXTargetDependency section */
		677DD8582AE5B35800F4016F /* PBXTargetDependency */ = {
			isa = PBXTargetDependency;
			target = 677DD8452AE5B35700F4016F /* halloween2 */;
			targetProxy = 677DD8572AE5B35800F4016F /* PBXContainerItemProxy */;
		};
		677DD8622AE5B35800F4016F /* PBXTargetDependency */ = {
			isa = PBXTargetDependency;
			target = 677DD8452AE5B35700F4016F /* halloween2 */;
			targetProxy = 677DD8612AE5B35800F4016F /* PBXContainerItemProxy */;
		};
/* End PBXTargetDependency section */

/* Begin XCBuildConfiguration section */
		677DD8682AE5B35800F4016F /* Debug */ = {
			isa = XCBuildConfiguration;
			buildSettings = {
				ALWAYS_SEARCH_USER_PATHS = NO;
				ASSETCATALOG_COMPILER_GENERATE_SWIFT_ASSET_SYMBOL_EXTENSIONS = YES;
				CLANG_ANALYZER_NONNULL = YES;
				CLANG_ANALYZER_NUMBER_OBJECT_CONVERSION = YES_AGGRESSIVE;
				CLANG_CXX_LANGUAGE_STANDARD = "gnu++20";
				CLANG_ENABLE_MODULES = YES;
				CLANG_ENABLE_OBJC_ARC = YES;
				CLANG_ENABLE_OBJC_WEAK = YES;
				CLANG_WARN_BLOCK_CAPTURE_AUTORELEASING = YES;
				CLANG_WARN_BOOL_CONVERSION = YES;
				CLANG_WARN_COMMA = YES;
				CLANG_WARN_CONSTANT_CONVERSION = YES;
				CLANG_WARN_DEPRECATED_OBJC_IMPLEMENTATIONS = YES;
				CLANG_WARN_DIRECT_OBJC_ISA_USAGE = YES_ERROR;
				CLANG_WARN_DOCUMENTATION_COMMENTS = YES;
				CLANG_WARN_EMPTY_BODY = YES;
				CLANG_WARN_ENUM_CONVERSION = YES;
				CLANG_WARN_INFINITE_RECURSION = YES;
				CLANG_WARN_INT_CONVERSION = YES;
				CLANG_WARN_NON_LITERAL_NULL_CONVERSION = YES;
				CLANG_WARN_OBJC_IMPLICIT_RETAIN_SELF = YES;
				CLANG_WARN_OBJC_LITERAL_CONVERSION = YES;
				CLANG_WARN_OBJC_ROOT_CLASS = YES_ERROR;
				CLANG_WARN_QUOTED_INCLUDE_IN_FRAMEWORK_HEADER = YES;
				CLANG_WARN_RANGE_LOOP_ANALYSIS = YES;
				CLANG_WARN_STRICT_PROTOTYPES = YES;
				CLANG_WARN_SUSPICIOUS_MOVE = YES;
				CLANG_WARN_UNGUARDED_AVAILABILITY = YES_AGGRESSIVE;
				CLANG_WARN_UNREACHABLE_CODE = YES;
				CLANG_WARN__DUPLICATE_METHOD_MATCH = YES;
				COPY_PHASE_STRIP = NO;
				DEBUG_INFORMATION_FORMAT = dwarf;
				ENABLE_STRICT_OBJC_MSGSEND = YES;
				ENABLE_TESTABILITY = YES;
				ENABLE_USER_SCRIPT_SANDBOXING = YES;
				GCC_C_LANGUAGE_STANDARD = gnu17;
				GCC_DYNAMIC_NO_PIC = NO;
				GCC_NO_COMMON_BLOCKS = YES;
				GCC_OPTIMIZATION_LEVEL = 0;
				GCC_PREPROCESSOR_DEFINITIONS = (
					"DEBUG=1",
					"$(inherited)",
				);
				GCC_WARN_64_TO_32_BIT_CONVERSION = YES;
				GCC_WARN_ABOUT_RETURN_TYPE = YES_ERROR;
				GCC_WARN_UNDECLARED_SELECTOR = YES;
				GCC_WARN_UNINITIALIZED_AUTOS = YES_AGGRESSIVE;
				GCC_WARN_UNUSED_FUNCTION = YES;
				GCC_WARN_UNUSED_VARIABLE = YES;
				IPHONEOS_DEPLOYMENT_TARGET = 17.0;
				LOCALIZATION_PREFERS_STRING_CATALOGS = YES;
				MTL_ENABLE_DEBUG_INFO = INCLUDE_SOURCE;
				MTL_FAST_MATH = YES;
				ONLY_ACTIVE_ARCH = YES;
				SDKROOT = iphoneos;
				SWIFT_ACTIVE_COMPILATION_CONDITIONS = "DEBUG $(inherited)";
				SWIFT_OPTIMIZATION_LEVEL = "-Onone";
			};
			name = Debug;
		};
		677DD8692AE5B35800F4016F /* Release */ = {
			isa = XCBuildConfiguration;
			buildSettings = {
				ALWAYS_SEARCH_USER_PATHS = NO;
				ASSETCATALOG_COMPILER_GENERATE_SWIFT_ASSET_SYMBOL_EXTENSIONS = YES;
				CLANG_ANALYZER_NONNULL = YES;
				CLANG_ANALYZER_NUMBER_OBJECT_CONVERSION = YES_AGGRESSIVE;
				CLANG_CXX_LANGUAGE_STANDARD = "gnu++20";
				CLANG_ENABLE_MODULES = YES;
				CLANG_ENABLE_OBJC_ARC = YES;
				CLANG_ENABLE_OBJC_WEAK = YES;
				CLANG_WARN_BLOCK_CAPTURE_AUTORELEASING = YES;
				CLANG_WARN_BOOL_CONVERSION = YES;
				CLANG_WARN_COMMA = YES;
				CLANG_WARN_CONSTANT_CONVERSION = YES;
				CLANG_WARN_DEPRECATED_OBJC_IMPLEMENTATIONS = YES;
				CLANG_WARN_DIRECT_OBJC_ISA_USAGE = YES_ERROR;
				CLANG_WARN_DOCUMENTATION_COMMENTS = YES;
				CLANG_WARN_EMPTY_BODY = YES;
				CLANG_WARN_ENUM_CONVERSION = YES;
				CLANG_WARN_INFINITE_RECURSION = YES;
				CLANG_WARN_INT_CONVERSION = YES;
				CLANG_WARN_NON_LITERAL_NULL_CONVERSION = YES;
				CLANG_WARN_OBJC_IMPLICIT_RETAIN_SELF = YES;
				CLANG_WARN_OBJC_LITERAL_CONVERSION = YES;
				CLANG_WARN_OBJC_ROOT_CLASS = YES_ERROR;
				CLANG_WARN_QUOTED_INCLUDE_IN_FRAMEWORK_HEADER = YES;
				CLANG_WARN_RANGE_LOOP_ANALYSIS = YES;
				CLANG_WARN_STRICT_PROTOTYPES = YES;
				CLANG_WARN_SUSPICIOUS_MOVE = YES;
				CLANG_WARN_UNGUARDED_AVAILABILITY = YES_AGGRESSIVE;
				CLANG_WARN_UNREACHABLE_CODE = YES;
				CLANG_WARN__DUPLICATE_METHOD_MATCH = YES;
				COPY_PHASE_STRIP = NO;
				DEBUG_INFORMATION_FORMAT = "dwarf-with-dsym";
				ENABLE_NS_ASSERTIONS = NO;
				ENABLE_STRICT_OBJC_MSGSEND = YES;
				ENABLE_USER_SCRIPT_SANDBOXING = YES;
				GCC_C_LANGUAGE_STANDARD = gnu17;
				GCC_NO_COMMON_BLOCKS = YES;
				GCC_WARN_64_TO_32_BIT_CONVERSION = YES;
				GCC_WARN_ABOUT_RETURN_TYPE = YES_ERROR;
				GCC_WARN_UNDECLARED_SELECTOR = YES;
				GCC_WARN_UNINITIALIZED_AUTOS = YES_AGGRESSIVE;
				GCC_WARN_UNUSED_FUNCTION = YES;
				GCC_WARN_UNUSED_VARIABLE = YES;
				IPHONEOS_DEPLOYMENT_TARGET = 17.0;
				LOCALIZATION_PREFERS_STRING_CATALOGS = YES;
				MTL_ENABLE_DEBUG_INFO = NO;
				MTL_FAST_MATH = YES;
				SDKROOT = iphoneos;
				SWIFT_COMPILATION_MODE = wholemodule;
				VALIDATE_PRODUCT = YES;
			};
			name = Release;
		};
		677DD86B2AE5B35800F4016F /* Debug */ = {
			isa = XCBuildConfiguration;
			buildSettings = {
				ASSETCATALOG_COMPILER_APPICON_NAME = AppIcon;
				ASSETCATALOG_COMPILER_GLOBAL_ACCENT_COLOR_NAME = AccentColor;
				CODE_SIGN_STYLE = Automatic;
				CURRENT_PROJECT_VERSION = 1;
				DEVELOPMENT_ASSET_PATHS = "\"halloween2/Preview Content\"";
				DEVELOPMENT_TEAM = ALC53N96R3;
				ENABLE_PREVIEWS = YES;
				GENERATE_INFOPLIST_FILE = YES;
				INFOPLIST_KEY_UIApplicationSceneManifest_Generation = YES;
				INFOPLIST_KEY_UIApplicationSupportsIndirectInputEvents = YES;
				INFOPLIST_KEY_UILaunchScreen_Generation = YES;
				INFOPLIST_KEY_UISupportedInterfaceOrientations_iPad = "UIInterfaceOrientationPortrait UIInterfaceOrientationPortraitUpsideDown UIInterfaceOrientationLandscapeLeft UIInterfaceOrientationLandscapeRight";
				INFOPLIST_KEY_UISupportedInterfaceOrientations_iPhone = "UIInterfaceOrientationPortrait UIInterfaceOrientationLandscapeLeft UIInterfaceOrientationLandscapeRight";
				LD_RUNPATH_SEARCH_PATHS = (
					"$(inherited)",
					"@executable_path/Frameworks",
				);
				MARKETING_VERSION = 1.0;
				PRODUCT_BUNDLE_IDENTIFIER = com.bradcaldwell.halloween2;
				PRODUCT_NAME = "$(TARGET_NAME)";
				SWIFT_EMIT_LOC_STRINGS = YES;
				SWIFT_VERSION = 5.0;
				TARGETED_DEVICE_FAMILY = "1,2";
			};
			name = Debug;
		};
		677DD86C2AE5B35800F4016F /* Release */ = {
			isa = XCBuildConfiguration;
			buildSettings = {
				ASSETCATALOG_COMPILER_APPICON_NAME = AppIcon;
				ASSETCATALOG_COMPILER_GLOBAL_ACCENT_COLOR_NAME = AccentColor;
				CODE_SIGN_STYLE = Automatic;
				CURRENT_PROJECT_VERSION = 1;
				DEVELOPMENT_ASSET_PATHS = "\"halloween2/Preview Content\"";
				DEVELOPMENT_TEAM = ALC53N96R3;
				ENABLE_PREVIEWS = YES;
				GENERATE_INFOPLIST_FILE = YES;
				INFOPLIST_KEY_UIApplicationSceneManifest_Generation = YES;
				INFOPLIST_KEY_UIApplicationSupportsIndirectInputEvents = YES;
				INFOPLIST_KEY_UILaunchScreen_Generation = YES;
				INFOPLIST_KEY_UISupportedInterfaceOrientations_iPad = "UIInterfaceOrientationPortrait UIInterfaceOrientationPortraitUpsideDown UIInterfaceOrientationLandscapeLeft UIInterfaceOrientationLandscapeRight";
				INFOPLIST_KEY_UISupportedInterfaceOrientations_iPhone = "UIInterfaceOrientationPortrait UIInterfaceOrientationLandscapeLeft UIInterfaceOrientationLandscapeRight";
				LD_RUNPATH_SEARCH_PATHS = (
					"$(inherited)",
					"@executable_path/Frameworks",
				);
				MARKETING_VERSION = 1.0;
				PRODUCT_BUNDLE_IDENTIFIER = com.bradcaldwell.halloween2;
				PRODUCT_NAME = "$(TARGET_NAME)";
				SWIFT_EMIT_LOC_STRINGS = YES;
				SWIFT_VERSION = 5.0;
				TARGETED_DEVICE_FAMILY = "1,2";
			};
			name = Release;
		};
		677DD86E2AE5B35800F4016F /* Debug */ = {
			isa = XCBuildConfiguration;
			buildSettings = {
				ALWAYS_EMBED_SWIFT_STANDARD_LIBRARIES = YES;
				BUNDLE_LOADER = "$(TEST_HOST)";
				CODE_SIGN_STYLE = Automatic;
				CURRENT_PROJECT_VERSION = 1;
				DEVELOPMENT_TEAM = ALC53N96R3;
				GENERATE_INFOPLIST_FILE = YES;
				IPHONEOS_DEPLOYMENT_TARGET = 17.0;
				MARKETING_VERSION = 1.0;
				PRODUCT_BUNDLE_IDENTIFIER = com.bradcaldwell.halloween2Tests;
				PRODUCT_NAME = "$(TARGET_NAME)";
				SWIFT_EMIT_LOC_STRINGS = NO;
				SWIFT_VERSION = 5.0;
				TARGETED_DEVICE_FAMILY = "1,2";
				TEST_HOST = "$(BUILT_PRODUCTS_DIR)/halloween2.app/$(BUNDLE_EXECUTABLE_FOLDER_PATH)/halloween2";
			};
			name = Debug;
		};
		677DD86F2AE5B35800F4016F /* Release */ = {
			isa = XCBuildConfiguration;
			buildSettings = {
				ALWAYS_EMBED_SWIFT_STANDARD_LIBRARIES = YES;
				BUNDLE_LOADER = "$(TEST_HOST)";
				CODE_SIGN_STYLE = Automatic;
				CURRENT_PROJECT_VERSION = 1;
				DEVELOPMENT_TEAM = ALC53N96R3;
				GENERATE_INFOPLIST_FILE = YES;
				IPHONEOS_DEPLOYMENT_TARGET = 17.0;
				MARKETING_VERSION = 1.0;
				PRODUCT_BUNDLE_IDENTIFIER = com.bradcaldwell.halloween2Tests;
				PRODUCT_NAME = "$(TARGET_NAME)";
				SWIFT_EMIT_LOC_STRINGS = NO;
				SWIFT_VERSION = 5.0;
				TARGETED_DEVICE_FAMILY = "1,2";
				TEST_HOST = "$(BUILT_PRODUCTS_DIR)/halloween2.app/$(BUNDLE_EXECUTABLE_FOLDER_PATH)/halloween2";
			};
			name = Release;
		};
		677DD8712AE5B35800F4016F /* Debug */ = {
			isa = XCBuildConfiguration;
			buildSettings = {
				ALWAYS_EMBED_SWIFT_STANDARD_LIBRARIES = YES;
				CODE_SIGN_STYLE = Automatic;
				CURRENT_PROJECT_VERSION = 1;
				DEVELOPMENT_TEAM = ALC53N96R3;
				GENERATE_INFOPLIST_FILE = YES;
				MARKETING_VERSION = 1.0;
				PRODUCT_BUNDLE_IDENTIFIER = com.bradcaldwell.halloween2UITests;
				PRODUCT_NAME = "$(TARGET_NAME)";
				SWIFT_EMIT_LOC_STRINGS = NO;
				SWIFT_VERSION = 5.0;
				TARGETED_DEVICE_FAMILY = "1,2";
				TEST_TARGET_NAME = halloween2;
			};
			name = Debug;
		};
		677DD8722AE5B35800F4016F /* Release */ = {
			isa = XCBuildConfiguration;
			buildSettings = {
				ALWAYS_EMBED_SWIFT_STANDARD_LIBRARIES = YES;
				CODE_SIGN_STYLE = Automatic;
				CURRENT_PROJECT_VERSION = 1;
				DEVELOPMENT_TEAM = ALC53N96R3;
				GENERATE_INFOPLIST_FILE = YES;
				MARKETING_VERSION = 1.0;
				PRODUCT_BUNDLE_IDENTIFIER = com.bradcaldwell.halloween2UITests;
				PRODUCT_NAME = "$(TARGET_NAME)";
				SWIFT_EMIT_LOC_STRINGS = NO;
				SWIFT_VERSION = 5.0;
				TARGETED_DEVICE_FAMILY = "1,2";
				TEST_TARGET_NAME = halloween2;
			};
			name = Release;
		};
/* End XCBuildConfiguration section */

/* Begin XCConfigurationList section */
		677DD8412AE5B35700F4016F /* Build configuration list for PBXProject "halloween2" */ = {
			isa = XCConfigurationList;
			buildConfigurations = (
				677DD8682AE5B35800F4016F /* Debug */,
				677DD8692AE5B35800F4016F /* Release */,
			);
			defaultConfigurationIsVisible = 0;
			defaultConfigurationName = Release;
		};
		677DD86A2AE5B35800F4016F /* Build configuration list for PBXNativeTarget "halloween2" */ = {
			isa = XCConfigurationList;
			buildConfigurations = (
				677DD86B2AE5B35800F4016F /* Debug */,
				677DD86C2AE5B35800F4016F /* Release */,
			);
			defaultConfigurationIsVisible = 0;
			defaultConfigurationName = Release;
		};
		677DD86D2AE5B35800F4016F /* Build configuration list for PBXNativeTarget "halloween2Tests" */ = {
			isa = XCConfigurationList;
			buildConfigurations = (
				677DD86E2AE5B35800F4016F /* Debug */,
				677DD86F2AE5B35800F4016F /* Release */,
			);
			defaultConfigurationIsVisible = 0;
			defaultConfigurationName = Release;
		};
		677DD8702AE5B35800F4016F /* Build configuration list for PBXNativeTarget "halloween2UITests" */ = {
			isa = XCConfigurationList;
			buildConfigurations = (
				677DD8712AE5B35800F4016F /* Debug */,
				677DD8722AE5B35800F4016F /* Release */,
			);
			defaultConfigurationIsVisible = 0;
			defaultConfigurationName = Release;
		};
/* End XCConfigurationList section */
	};
	rootObject = 677DD83E2AE5B35700F4016F /* Project object */;
}
